
Microsoft Visual Studio Solution File, Format Version 12.00
# Visual Studio Version 16
VisualStudioVersion = 16.0.32228.343
MinimumVisualStudioVersion = 10.0.40219.1
Project("{FAE04EC0-301F-11D3-BF4B-00C04F79EFBC}") = "Task_4", "Task_4\Task_4.csproj", "{DEEEFFD3-AE17-4DFE-9514-3846618BF662}"
EndProject
Global
	GlobalSection(SolutionConfigurationPlatforms) = preSolution
		Debug|Any CPU = Debug|Any CPU
		Release|Any CPU = Release|Any CPU
	EndGlobalSection
	GlobalSection(ProjectConfigurationPlatforms) = postSolution
		{DEEEFFD3-AE17-4DFE-9514-3846618BF662}.Debug|Any CPU.ActiveCfg = Debug|Any CPU
		{DEEEFFD3-AE17-4DFE-9514-3846618BF662}.Debug|Any CPU.Build.0 = Debug|Any CPU
		{DEEEFFD3-AE17-4DFE-9514-3846618BF662}.Release|Any CPU.ActiveCfg = Release|Any CPU
		{DEEEFFD3-AE17-4DFE-9514-3846618BF662}.Release|Any CPU.Build.0 = Release|Any CPU
	EndGlobalSection
	GlobalSection(SolutionProperties) = preSolution
		HideSolutionNode = FALSE
	EndGlobalSection
	GlobalSection(ExtensibilityGlobals) = postSolution
		SolutionGuid = {0272D634-C7E5-477E-88D8-4BFB504FE27E}
	EndGlobalSection
EndGlobal
